
Microsoft Visual Studio Solution File, Format Version 12.00
# Visual Studio 14
VisualStudioVersion = 14.0.23107.0
MinimumVisualStudioVersion = 10.0.40219.1
Project("{FAE04EC0-301F-11D3-BF4B-00C04F79EFBC}") = "SigaaWindows", "SigaaWindows\SigaaWindows.csproj", "{F4C94129-C370-49C0-89AF-E1E92CEBFB05}"
EndProject
Global
	GlobalSection(SolutionConfigurationPlatforms) = preSolution
		Debug|Any CPU = Debug|Any CPU
		Debug|ARM = Debug|ARM
		Debug|x64 = Debug|x64
		Debug|x86 = Debug|x86
		Release|Any CPU = Release|Any CPU
		Release|ARM = Release|ARM
		Release|x64 = Release|x64
		Release|x86 = Release|x86
	EndGlobalSection
	GlobalSection(ProjectConfigurationPlatforms) = postSolution
		{F4C94129-C370-49C0-89AF-E1E92CEBFB05}.Debug|Any CPU.ActiveCfg = Debug|x86
		{F4C94129-C370-49C0-89AF-E1E92CEBFB05}.Debug|ARM.ActiveCfg = Debug|ARM
		{F4C94129-C370-49C0-89AF-E1E92CEBFB05}.Debug|ARM.Build.0 = Debug|ARM
		{F4C94129-C370-49C0-89AF-E1E92CEBFB05}.Debug|ARM.Deploy.0 = Debug|ARM
		{F4C94129-C370-49C0-89AF-E1E92CEBFB05}.Debug|x64.ActiveCfg = Debug|x64
		{F4C94129-C370-49C0-89AF-E1E92CEBFB05}.Debug|x64.Build.0 = Debug|x64
		{F4C94129-C370-49C0-89AF-E1E92CEBFB05}.Debug|x64.Deploy.0 = Debug|x64
		{F4C94129-C370-49C0-89AF-E1E92CEBFB05}.Debug|x86.ActiveCfg = Debug|x86
		{F4C94129-C370-49C0-89AF-E1E92CEBFB05}.Debug|x86.Build.0 = Debug|x86
		{F4C94129-C370-49C0-89AF-E1E92CEBFB05}.Debug|x86.Deploy.0 = Debug|x86
		{F4C94129-C370-49C0-89AF-E1E92CEBFB05}.Release|Any CPU.ActiveCfg = Release|x86
		{F4C94129-C370-49C0-89AF-E1E92CEBFB05}.Release|ARM.ActiveCfg = Release|ARM
		{F4C94129-C370-49C0-89AF-E1E92CEBFB05}.Release|ARM.Build.0 = Release|ARM
		{F4C94129-C370-49C0-89AF-E1E92CEBFB05}.Release|ARM.Deploy.0 = Release|ARM
		{F4C94129-C370-49C0-89AF-E1E92CEBFB05}.Release|x64.ActiveCfg = Release|x64
		{F4C94129-C370-49C0-89AF-E1E92CEBFB05}.Release|x64.Build.0 = Release|x64
		{F4C94129-C370-49C0-89AF-E1E92CEBFB05}.Release|x64.Deploy.0 = Release|x64
		{F4C94129-C370-49C0-89AF-E1E92CEBFB05}.Release|x86.ActiveCfg = Release|x86
		{F4C94129-C370-49C0-89AF-E1E92CEBFB05}.Release|x86.Build.0 = Release|x86
		{F4C94129-C370-49C0-89AF-E1E92CEBFB05}.Release|x86.Deploy.0 = Release|x86
	EndGlobalSection
	GlobalSection(SolutionProperties) = preSolution
		HideSolutionNode = FALSE
	EndGlobalSection
EndGlobal
